{
    "hash": "d6ef207cee14af7d6b38d4060bb7d367",
    "packages": [
        {
            "name": "aura/di",
            "version": "dev-master",
            "source": {
                "type": "git",
                "url": "https://github.com/auraphp/Aura.Di",
                "reference": "ab76ec847533fc97d5239f4444b54c3dd4c9a67e"
            },
            "dist": {
                "type": "zip",
                "url": "https://github.com/auraphp/Aura.Di/archive/ab76ec847533fc97d5239f4444b54c3dd4c9a67e.zip",
                "reference": "ab76ec847533fc97d5239f4444b54c3dd4c9a67e",
                "shasum": ""
            },
            "require": {
                "php": ">=5.4.0"
            },
            "time": "2012-10-16 04:14:07",
            "type": "library",
            "installation-source": "source",
            "autoload": {
                "psr-0": {
                    "Aura\\Di": "src/"
                }
            },
            "license": [
                "BSD"
            ],
            "authors": [
                {
                    "name": "Paul M. Jones",
                    "email": "pmjones88@gmail.com",
                    "homepage": "http://paul-m-jones.com"
                },
                {
                    "name": "Hari KT",
                    "email": "kthari85@gmail.com",
                    "homepage": "http://harikt.com"
                },
                {
                    "name": "Aura.Di Contributors",
                    "homepage": "https://github.com/auraphp/Aura.Di/contributors"
                },
                {
                    "name": "Kenaniah Cerny",
                    "email": "kenaniah@gmail.com"
                }
            ],
            "description": "The Aura DI package provides a dependency injection container system with native support for constructor- and setter-based injection, lazy-loading of services, and inheritable configuration of setters and constructor params.",
            "homepage": "http://auraphp.github.com/Aura.Di",
            "keywords": [
                "dependency injection",
                "container",
                "di",
                "di container",
                "dependency injection container"
            ]
        },
        {
            "name": "swiftmailer/swiftmailer",
            "version": "dev-master",
            "source": {
                "type": "git",
                "url": "git://github.com/swiftmailer/swiftmailer.git",
                "reference": "60536978cf1803e4562cbcdd59b67591dd01041e"
            },
            "dist": {
                "type": "zip",
                "url": "https://github.com/swiftmailer/swiftmailer/zipball/60536978cf1803e4562cbcdd59b67591dd01041e",
                "reference": "60536978cf1803e4562cbcdd59b67591dd01041e",
                "shasum": ""
            },
            "require": {
                "php": ">=5.2.4"
            },
            "time": "2012-10-25 14:02:09",
            "type": "library",
            "extra": {
                "branch-alias": {
                    "dev-master": "4.3-dev"
                }
            },
            "installation-source": "source",
            "autoload": {
                "files": [
                    "lib/swift_required.php"
                ]
            },
            "license": [
                "LGPL"
            ],
            "authors": [
                {
                    "name": "Fabien Potencier",
                    "email": "fabien@symfony.com"
                },
                {
                    "name": "Chris Corbyn"
                }
            ],
            "description": "Swiftmailer, free feature-rich PHP mailer",
            "homepage": "http://swiftmailer.org",
            "keywords": [
                "mail",
                "mailer"
            ]
        }
    ],
    "packages-dev": null,
    "aliases": [

    ],
    "minimum-stability": "stable",
    "stability-flags": {
        "aura/di": 20,
        "swiftmailer/swiftmailer": 20
    }
}
